// !$*UTF8*$!
{
	archiveVersion = 1;
	classes = {
	};
	objectVersion = 46;
	objects = {

/* Begin PBXBuildFile section */
		6B581AB6198701F1005C3F79 /* BKRecursiveDescription.h in CopyFiles */ = {isa = PBXBuildFile; fileRef = 6B581AB5198701F1005C3F79 /* BKRecursiveDescription.h */; };
		6B581AD519870213005C3F79 /* NSArray+BKRecursiveDescription.m in Sources */ = {isa = PBXBuildFile; fileRef = 6B581AD119870213005C3F79 /* NSArray+BKRecursiveDescription.m */; };
		6B581AD619870213005C3F79 /* NSDictionary+BKRecursiveDescription.m in Sources */ = {isa = PBXBuildFile; fileRef = 6B581AD219870213005C3F79 /* NSDictionary+BKRecursiveDescription.m */; };
		6B581AD719870213005C3F79 /* NSObject+BKRecursiveDescription.m in Sources */ = {isa = PBXBuildFile; fileRef = 6B581AD319870213005C3F79 /* NSObject+BKRecursiveDescription.m */; };
		6B581AD819870213005C3F79 /* NSSet+BKRecursiveDescription.m in Sources */ = {isa = PBXBuildFile; fileRef = 6B581AD419870213005C3F79 /* NSSet+BKRecursiveDescription.m */; };
		6B581AD91987021F005C3F79 /* NSObject+BKRecursiveDescription.h in CopyFiles */ = {isa = PBXBuildFile; fileRef = 6B581ACD19870213005C3F79 /* NSObject+BKRecursiveDescription.h */; };
		6B581ADA1987021F005C3F79 /* BKDescribable.h in CopyFiles */ = {isa = PBXBuildFile; fileRef = 6B581AD019870213005C3F79 /* BKDescribable.h */; };
/* End PBXBuildFile section */

/* Begin PBXCopyFilesBuildPhase section */
		6B581AB0198701F1005C3F79 /* CopyFiles */ = {
			isa = PBXCopyFilesBuildPhase;
			buildActionMask = 2147483647;
			dstPath = "include/$(PRODUCT_NAME)";
			dstSubfolderSpec = 16;
			files = (
				6B581ADA1987021F005C3F79 /* BKDescribable.h in CopyFiles */,
				6B581AB6198701F1005C3F79 /* BKRecursiveDescription.h in CopyFiles */,
				6B581AD91987021F005C3F79 /* NSObject+BKRecursiveDescription.h in CopyFiles */,
			);
			runOnlyForDeploymentPostprocessing = 0;
		};
/* End PBXCopyFilesBuildPhase section */

/* Begin PBXFileReference section */
		6B581AB2198701F1005C3F79 /* libBKRecursiveDescription.a */ = {isa = PBXFileReference; explicitFileType = archive.ar; includeInIndex = 0; path = libBKRecursiveDescription.a; sourceTree = BUILT_PRODUCTS_DIR; };
		6B581AB5198701F1005C3F79 /* BKRecursiveDescription.h */ = {isa = PBXFileReference; lastKnownFileType = sourcecode.c.h; path = BKRecursiveDescription.h; sourceTree = "<group>"; };
		6B581ACC19870213005C3F79 /* NSSet+BKRecursiveDescription.h */ = {isa = PBXFileReference; fileEncoding = 4; lastKnownFileType = sourcecode.c.h; path = "NSSet+BKRecursiveDescription.h"; sourceTree = "<group>"; };
		6B581ACD19870213005C3F79 /* NSObject+BKRecursiveDescription.h */ = {isa = PBXFileReference; fileEncoding = 4; lastKnownFileType = sourcecode.c.h; path = "NSObject+BKRecursiveDescription.h"; sourceTree = "<group>"; };
		6B581ACE19870213005C3F79 /* NSDictionary+BKRecursiveDescription.h */ = {isa = PBXFileReference; fileEncoding = 4; lastKnownFileType = sourcecode.c.h; path = "NSDictionary+BKRecursiveDescription.h"; sourceTree = "<group>"; };
		6B581ACF19870213005C3F79 /* NSArray+BKRecursiveDescription.h */ = {isa = PBXFileReference; fileEncoding = 4; lastKnownFileType = sourcecode.c.h; path = "NSArray+BKRecursiveDescription.h"; sourceTree = "<group>"; };
		6B581AD019870213005C3F79 /* BKDescribable.h */ = {isa = PBXFileReference; fileEncoding = 4; lastKnownFileType = sourcecode.c.h; path = BKDescribable.h; sourceTree = "<group>"; };
		6B581AD119870213005C3F79 /* NSArray+BKRecursiveDescription.m */ = {isa = PBXFileReference; fileEncoding = 4; lastKnownFileType = sourcecode.c.objc; path = "NSArray+BKRecursiveDescription.m"; sourceTree = "<group>"; };
		6B581AD219870213005C3F79 /* NSDictionary+BKRecursiveDescription.m */ = {isa = PBXFileReference; fileEncoding = 4; lastKnownFileType = sourcecode.c.objc; path = "NSDictionary+BKRecursiveDescription.m"; sourceTree = "<group>"; };
		6B581AD319870213005C3F79 /* NSObject+BKRecursiveDescription.m */ = {isa = PBXFileReference; fileEncoding = 4; lastKnownFileType = sourcecode.c.objc; path = "NSObject+BKRecursiveDescription.m"; sourceTree = "<group>"; };
		6B581AD419870213005C3F79 /* NSSet+BKRecursiveDescription.m */ = {isa = PBXFileReference; fileEncoding = 4; lastKnownFileType = sourcecode.c.objc; path = "NSSet+BKRecursiveDescription.m"; sourceTree = "<group>"; };
/* End PBXFileReference section */

/* Begin PBXFrameworksBuildPhase section */
		6B581AAF198701F1005C3F79 /* Frameworks */ = {
			isa = PBXFrameworksBuildPhase;
			buildActionMask = 2147483647;
			files = (
			);
			runOnlyForDeploymentPostprocessing = 0;
		};
/* End PBXFrameworksBuildPhase section */

/* Begin PBXGroup section */
		6B581AA9198701F1005C3F79 = {
			isa = PBXGroup;
			children = (
				6B581AB4198701F1005C3F79 /* BKRecursiveDescription */,
				6B581AB3198701F1005C3F79 /* Products */,
			);
			sourceTree = "<group>";
		};
		6B581AB3198701F1005C3F79 /* Products */ = {
			isa = PBXGroup;
			children = (
				6B581AB2198701F1005C3F79 /* libBKRecursiveDescription.a */,
			);
			name = Products;
			sourceTree = "<group>";
		};
		6B581AB4198701F1005C3F79 /* BKRecursiveDescription */ = {
			isa = PBXGroup;
			children = (
				6B581AD019870213005C3F79 /* BKDescribable.h */,
				6B581AB5198701F1005C3F79 /* BKRecursiveDescription.h */,
				6B581ACF19870213005C3F79 /* NSArray+BKRecursiveDescription.h */,
				6B581AD119870213005C3F79 /* NSArray+BKRecursiveDescription.m */,
				6B581ACE19870213005C3F79 /* NSDictionary+BKRecursiveDescription.h */,
				6B581AD219870213005C3F79 /* NSDictionary+BKRecursiveDescription.m */,
				6B581ACD19870213005C3F79 /* NSObject+BKRecursiveDescription.h */,
				6B581AD319870213005C3F79 /* NSObject+BKRecursiveDescription.m */,
				6B581ACC19870213005C3F79 /* NSSet+BKRecursiveDescription.h */,
				6B581AD419870213005C3F79 /* NSSet+BKRecursiveDescription.m */,
			);
			path = BKRecursiveDescription;
			sourceTree = "<group>";
		};
/* End PBXGroup section */

/* Begin PBXNativeTarget section */
		6B581AB1198701F1005C3F79 /* BKRecursiveDescription */ = {
			isa = PBXNativeTarget;
			buildConfigurationList = 6B581AC6198701F1005C3F79 /* Build configuration list for PBXNativeTarget "BKRecursiveDescription" */;
			buildPhases = (
				6B581AAE198701F1005C3F79 /* Sources */,
				6B581AAF198701F1005C3F79 /* Frameworks */,
				6B581AB0198701F1005C3F79 /* CopyFiles */,
			);
			buildRules = (
			);
			dependencies = (
			);
			name = BKRecursiveDescription;
			productName = BKRecursiveDescription;
			productReference = 6B581AB2198701F1005C3F79 /* libBKRecursiveDescription.a */;
			productType = "com.apple.product-type.library.static";
		};
/* End PBXNativeTarget section */

/* Begin PBXProject section */
		6B581AAA198701F1005C3F79 /* Project object */ = {
			isa = PBXProject;
			attributes = {
				LastUpgradeCheck = 0600;
				ORGANIZATIONNAME = "650 Industries, Inc.";
				TargetAttributes = {
					6B581AB1198701F1005C3F79 = {
						CreatedOnToolsVersion = 6.0;
					};
				};
			};
			buildConfigurationList = 6B581AAD198701F1005C3F79 /* Build configuration list for PBXProject "BKRecursiveDescription" */;
			compatibilityVersion = "Xcode 3.2";
			developmentRegion = English;
			hasScannedForEncodings = 0;
			knownRegions = (
				en,
			);
			mainGroup = 6B581AA9198701F1005C3F79;
			productRefGroup = 6B581AB3198701F1005C3F79 /* Products */;
			projectDirPath = "";
			projectRoot = "";
			targets = (
				6B581AB1198701F1005C3F79 /* BKRecursiveDescription */,
			);
		};
/* End PBXProject section */

/* Begin PBXSourcesBuildPhase section */
		6B581AAE198701F1005C3F79 /* Sources */ = {
			isa = PBXSourcesBuildPhase;
			buildActionMask = 2147483647;
			files = (
				6B581AD519870213005C3F79 /* NSArray+BKRecursiveDescription.m in Sources */,
				6B581AD619870213005C3F79 /* NSDictionary+BKRecursiveDescription.m in Sources */,
				6B581AD719870213005C3F79 /* NSObject+BKRecursiveDescription.m in Sources */,
				6B581AD819870213005C3F79 /* NSSet+BKRecursiveDescription.m in Sources */,
			);
			runOnlyForDeploymentPostprocessing = 0;
		};
/* End PBXSourcesBuildPhase section */

/* Begin XCBuildConfiguration section */
		6B581AC4198701F1005C3F79 /* Debug */ = {
			isa = XCBuildConfiguration;
			buildSettings = {
				ALWAYS_SEARCH_USER_PATHS = NO;
				CLANG_CXX_LANGUAGE_STANDARD = "gnu++0x";
				CLANG_CXX_LIBRARY = "libc++";
				CLANG_ENABLE_MODULES = YES;
				CLANG_ENABLE_OBJC_ARC = YES;
				CLANG_WARN_BOOL_CONVERSION = YES;
				CLANG_WARN_CONSTANT_CONVERSION = YES;
				CLANG_WARN_DIRECT_OBJC_ISA_USAGE = YES_ERROR;
				CLANG_WARN_EMPTY_BODY = YES;
				CLANG_WARN_ENUM_CONVERSION = YES;
				CLANG_WARN_INT_CONVERSION = YES;
				CLANG_WARN_OBJC_ROOT_CLASS = YES_ERROR;
				CLANG_WARN_UNREACHABLE_CODE = YES;
				CLANG_WARN__DUPLICATE_METHOD_MATCH = YES;
				COPY_PHASE_STRIP = NO;
				ENABLE_STRICT_OBJC_MSGSEND = YES;
				GCC_C_LANGUAGE_STANDARD = gnu99;
				GCC_DYNAMIC_NO_PIC = NO;
				GCC_OPTIMIZATION_LEVEL = 0;
				GCC_PREPROCESSOR_DEFINITIONS = (
					"DEBUG=1",
					"$(inherited)",
				);
				GCC_SYMBOLS_PRIVATE_EXTERN = NO;
				GCC_WARN_64_TO_32_BIT_CONVERSION = YES;
				GCC_WARN_ABOUT_RETURN_TYPE = YES_ERROR;
				GCC_WARN_UNDECLARED_SELECTOR = YES;
				GCC_WARN_UNINITIALIZED_AUTOS = YES_AGGRESSIVE;
				GCC_WARN_UNUSED_FUNCTION = YES;
				GCC_WARN_UNUSED_VARIABLE = YES;
				IPHONEOS_DEPLOYMENT_TARGET = 7.0;
				MTL_ENABLE_DEBUG_INFO = YES;
				ONLY_ACTIVE_ARCH = YES;
				SDKROOT = iphoneos;
			};
			name = Debug;
		};
		6B581AC5198701F1005C3F79 /* Release */ = {
			isa = XCBuildConfiguration;
			buildSettings = {
				ALWAYS_SEARCH_USER_PATHS = NO;
				CLANG_CXX_LANGUAGE_STANDARD = "gnu++0x";
				CLANG_CXX_LIBRARY = "libc++";
				CLANG_ENABLE_MODULES = YES;
				CLANG_ENABLE_OBJC_ARC = YES;
				CLANG_WARN_BOOL_CONVERSION = YES;
				CLANG_WARN_CONSTANT_CONVERSION = YES;
				CLANG_WARN_DIRECT_OBJC_ISA_USAGE = YES_ERROR;
				CLANG_WARN_EMPTY_BODY = YES;
				CLANG_WARN_ENUM_CONVERSION = YES;
				CLANG_WARN_INT_CONVERSION = YES;
				CLANG_WARN_OBJC_ROOT_CLASS = YES_ERROR;
				CLANG_WARN_UNREACHABLE_CODE = YES;
				CLANG_WARN__DUPLICATE_METHOD_MATCH = YES;
				COPY_PHASE_STRIP = YES;
				ENABLE_NS_ASSERTIONS = NO;
				ENABLE_STRICT_OBJC_MSGSEND = YES;
				GCC_C_LANGUAGE_STANDARD = gnu99;
				GCC_WARN_64_TO_32_BIT_CONVERSION = YES;
				GCC_WARN_ABOUT_RETURN_TYPE = YES_ERROR;
				GCC_WARN_UNDECLARED_SELECTOR = YES;
				GCC_WARN_UNINITIALIZED_AUTOS = YES_AGGRESSIVE;
				GCC_WARN_UNUSED_FUNCTION = YES;
				GCC_WARN_UNUSED_VARIABLE = YES;
				IPHONEOS_DEPLOYMENT_TARGET = 7.0;
				MTL_ENABLE_DEBUG_INFO = NO;
				SDKROOT = iphoneos;
				VALIDATE_PRODUCT = YES;
			};
			name = Release;
		};
		6B581AC7198701F1005C3F79 /* Debug */ = {
			isa = XCBuildConfiguration;
			buildSettings = {
				OTHER_LDFLAGS = "-ObjC";
				PRODUCT_NAME = "$(TARGET_NAME)";
				SKIP_INSTALL = YES;
			};
			name = Debug;
		};
		6B581AC8198701F1005C3F79 /* Release */ = {
			isa = XCBuildConfiguration;
			buildSettings = {
				OTHER_LDFLAGS = "-ObjC";
				PRODUCT_NAME = "$(TARGET_NAME)";
				SKIP_INSTALL = YES;
			};
			name = Release;
		};
/* End XCBuildConfiguration section */

/* Begin XCConfigurationList section */
		6B581AAD198701F1005C3F79 /* Build configuration list for PBXProject "BKRecursiveDescription" */ = {
			isa = XCConfigurationList;
			buildConfigurations = (
				6B581AC4198701F1005C3F79 /* Debug */,
				6B581AC5198701F1005C3F79 /* Release */,
			);
			defaultConfigurationIsVisible = 0;
			defaultConfigurationName = Release;
		};
		6B581AC6198701F1005C3F79 /* Build configuration list for PBXNativeTarget "BKRecursiveDescription" */ = {
			isa = XCConfigurationList;
			buildConfigurations = (
				6B581AC7198701F1005C3F79 /* Debug */,
				6B581AC8198701F1005C3F79 /* Release */,
			);
			defaultConfigurationIsVisible = 0;
			defaultConfigurationName = Release;
		};
/* End XCConfigurationList section */
	};
	rootObject = 6B581AAA198701F1005C3F79 /* Project object */;
}
